
Microsoft Visual Studio Solution File, Format Version 12.00
# Visual Studio Version 16
VisualStudioVersion = 16.0.30503.244
MinimumVisualStudioVersion = 10.0.40219.1
Project("{FAE04EC0-301F-11D3-BF4B-00C04F79EFBC}") = "Palindrome Permutation", "Palindrome Permutation\Palindrome Permutation.csproj", "{2751E4CA-D681-4CD6-BB0B-320F387D3139}"
EndProject
Global
	GlobalSection(SolutionConfigurationPlatforms) = preSolution
		Debug|Any CPU = Debug|Any CPU
		Release|Any CPU = Release|Any CPU
	EndGlobalSection
	GlobalSection(ProjectConfigurationPlatforms) = postSolution
		{2751E4CA-D681-4CD6-BB0B-320F387D3139}.Debug|Any CPU.ActiveCfg = Debug|Any CPU
		{2751E4CA-D681-4CD6-BB0B-320F387D3139}.Debug|Any CPU.Build.0 = Debug|Any CPU
		{2751E4CA-D681-4CD6-BB0B-320F387D3139}.Release|Any CPU.ActiveCfg = Release|Any CPU
		{2751E4CA-D681-4CD6-BB0B-320F387D3139}.Release|Any CPU.Build.0 = Release|Any CPU
	EndGlobalSection
	GlobalSection(SolutionProperties) = preSolution
		HideSolutionNode = FALSE
	EndGlobalSection
	GlobalSection(ExtensibilityGlobals) = postSolution
		SolutionGuid = {694ED778-D8BA-444F-B4C6-75B44CF3E2C6}
	EndGlobalSection
EndGlobal
